
Microsoft Visual Studio Solution File, Format Version 12.00
# Visual Studio Version 17
VisualStudioVersion = 17.7.34031.279
MinimumVisualStudioVersion = 10.0.40219.1
Project("{FAE04EC0-301F-11D3-BF4B-00C04F79EFBC}") = "DoX.BAI.ImpEx.Client", "DoX.BAI.ImpEx.Client\DoX.BAI.ImpEx.Client.csproj", "{6B91DC2D-DF39-4FA8-BC86-C3294B05538F}"
EndProject
Project("{FAE04EC0-301F-11D3-BF4B-00C04F79EFBC}") = "DoX.BAI.ImpEx.Client.ClientNotificationServer", "DoX.BAI.ImpEx.Client.ClientNotificationServer\DoX.BAI.ImpEx.Client.ClientNotificationServer.csproj", "{78801AE0-E4D2-42BD-A975-B05BF97758F4}"
EndProject
Project("{FAE04EC0-301F-11D3-BF4B-00C04F79EFBC}") = "DoX.BAI.ImpEx.Client.ConsoleHost", "DoX.BAI.ImpEx.Client.ConsoleHost\DoX.BAI.ImpEx.Client.ConsoleHost.csproj", "{73103A27-BE14-415F-AC39-47824CEB40E6}"
EndProject
Project("{FAE04EC0-301F-11D3-BF4B-00C04F79EFBC}") = "DoX.BAI.ImpEx.Client.GUI", "DoX.BAI.ImpEx.Client.GUI\DoX.BAI.ImpEx.Client.GUI.csproj", "{B8DF40B0-3057-45F4-A9A3-C16A4E8797D1}"
EndProject
Project("{FAE04EC0-301F-11D3-BF4B-00C04F79EFBC}") = "DoX.BAI.ImpEx.Client.ServiceHost", "DoX.BAI.ImpEx.Client.ServiceHost\DoX.BAI.ImpEx.Client.ServiceHost.csproj", "{127FB124-DC31-4001-9EBC-389B57E10885}"
EndProject
Project("{FAE04EC0-301F-11D3-BF4B-00C04F79EFBC}") = "DoX.BAI.ImpEx.Client.Updater", "DoX.BAI.ImpEx.Client.Updater\DoX.BAI.ImpEx.Client.Updater.csproj", "{9AD53B0D-CC0B-4968-AA90-126ED094581B}"
EndProject
Project("{FAE04EC0-301F-11D3-BF4B-00C04F79EFBC}") = "DoX.BAI.ImpEx.Shared.Client", "DoX.BAI.ImpEx.Shared.Client\DoX.BAI.ImpEx.Shared.Client.csproj", "{21F88734-4130-4341-8166-2E9DBC72CF2B}"
EndProject
Project("{FAE04EC0-301F-11D3-BF4B-00C04F79EFBC}") = "DoX.BAI.ImpEx.Client.Setup", "DoX.BAI.ImpEx.Client.Setup\DoX.BAI.ImpEx.Client.Setup.csproj", "{071ACF39-470D-409C-B330-050607AF1BB1}"
EndProject
Global
	GlobalSection(SolutionConfigurationPlatforms) = preSolution
		Debug|Any CPU = Debug|Any CPU
		Deploy|Any CPU = Deploy|Any CPU
		Release|Any CPU = Release|Any CPU
	EndGlobalSection
	GlobalSection(ProjectConfigurationPlatforms) = postSolution
		{6B91DC2D-DF39-4FA8-BC86-C3294B05538F}.Debug|Any CPU.ActiveCfg = Debug|Any CPU
		{6B91DC2D-DF39-4FA8-BC86-C3294B05538F}.Debug|Any CPU.Build.0 = Debug|Any CPU
		{6B91DC2D-DF39-4FA8-BC86-C3294B05538F}.Deploy|Any CPU.ActiveCfg = Deploy|Any CPU
		{6B91DC2D-DF39-4FA8-BC86-C3294B05538F}.Deploy|Any CPU.Build.0 = Deploy|Any CPU
		{6B91DC2D-DF39-4FA8-BC86-C3294B05538F}.Release|Any CPU.ActiveCfg = Release|Any CPU
		{6B91DC2D-DF39-4FA8-BC86-C3294B05538F}.Release|Any CPU.Build.0 = Release|Any CPU
		{78801AE0-E4D2-42BD-A975-B05BF97758F4}.Debug|Any CPU.ActiveCfg = Debug|Any CPU
		{78801AE0-E4D2-42BD-A975-B05BF97758F4}.Debug|Any CPU.Build.0 = Debug|Any CPU
		{78801AE0-E4D2-42BD-A975-B05BF97758F4}.Deploy|Any CPU.ActiveCfg = Deploy|Any CPU
		{78801AE0-E4D2-42BD-A975-B05BF97758F4}.Deploy|Any CPU.Build.0 = Deploy|Any CPU
		{78801AE0-E4D2-42BD-A975-B05BF97758F4}.Release|Any CPU.ActiveCfg = Release|Any CPU
		{78801AE0-E4D2-42BD-A975-B05BF97758F4}.Release|Any CPU.Build.0 = Release|Any CPU
		{73103A27-BE14-415F-AC39-47824CEB40E6}.Debug|Any CPU.ActiveCfg = Debug|Any CPU
		{73103A27-BE14-415F-AC39-47824CEB40E6}.Debug|Any CPU.Build.0 = Debug|Any CPU
		{73103A27-BE14-415F-AC39-47824CEB40E6}.Deploy|Any CPU.ActiveCfg = Deploy|Any CPU
		{73103A27-BE14-415F-AC39-47824CEB40E6}.Deploy|Any CPU.Build.0 = Deploy|Any CPU
		{73103A27-BE14-415F-AC39-47824CEB40E6}.Release|Any CPU.ActiveCfg = Release|Any CPU
		{73103A27-BE14-415F-AC39-47824CEB40E6}.Release|Any CPU.Build.0 = Release|Any CPU
		{B8DF40B0-3057-45F4-A9A3-C16A4E8797D1}.Debug|Any CPU.ActiveCfg = Debug|Any CPU
		{B8DF40B0-3057-45F4-A9A3-C16A4E8797D1}.Debug|Any CPU.Build.0 = Debug|Any CPU
		{B8DF40B0-3057-45F4-A9A3-C16A4E8797D1}.Deploy|Any CPU.ActiveCfg = Deploy|Any CPU
		{B8DF40B0-3057-45F4-A9A3-C16A4E8797D1}.Deploy|Any CPU.Build.0 = Deploy|Any CPU
		{B8DF40B0-3057-45F4-A9A3-C16A4E8797D1}.Release|Any CPU.ActiveCfg = Release|Any CPU
		{B8DF40B0-3057-45F4-A9A3-C16A4E8797D1}.Release|Any CPU.Build.0 = Release|Any CPU
		{127FB124-DC31-4001-9EBC-389B57E10885}.Debug|Any CPU.ActiveCfg = Debug|Any CPU
		{127FB124-DC31-4001-9EBC-389B57E10885}.Debug|Any CPU.Build.0 = Debug|Any CPU
		{127FB124-DC31-4001-9EBC-389B57E10885}.Deploy|Any CPU.ActiveCfg = Deploy|Any CPU
		{127FB124-DC31-4001-9EBC-389B57E10885}.Deploy|Any CPU.Build.0 = Deploy|Any CPU
		{127FB124-DC31-4001-9EBC-389B57E10885}.Release|Any CPU.ActiveCfg = Release|Any CPU
		{127FB124-DC31-4001-9EBC-389B57E10885}.Release|Any CPU.Build.0 = Release|Any CPU
		{9AD53B0D-CC0B-4968-AA90-126ED094581B}.Debug|Any CPU.ActiveCfg = Debug|Any CPU
		{9AD53B0D-CC0B-4968-AA90-126ED094581B}.Debug|Any CPU.Build.0 = Debug|Any CPU
		{9AD53B0D-CC0B-4968-AA90-126ED094581B}.Deploy|Any CPU.ActiveCfg = Deploy|Any CPU
		{9AD53B0D-CC0B-4968-AA90-126ED094581B}.Deploy|Any CPU.Build.0 = Deploy|Any CPU
		{9AD53B0D-CC0B-4968-AA90-126ED094581B}.Release|Any CPU.ActiveCfg = Release|Any CPU
		{9AD53B0D-CC0B-4968-AA90-126ED094581B}.Release|Any CPU.Build.0 = Release|Any CPU
		{21F88734-4130-4341-8166-2E9DBC72CF2B}.Debug|Any CPU.ActiveCfg = Debug|Any CPU
		{21F88734-4130-4341-8166-2E9DBC72CF2B}.Debug|Any CPU.Build.0 = Debug|Any CPU
		{21F88734-4130-4341-8166-2E9DBC72CF2B}.Deploy|Any CPU.ActiveCfg = Deploy|Any CPU
		{21F88734-4130-4341-8166-2E9DBC72CF2B}.Deploy|Any CPU.Build.0 = Deploy|Any CPU
		{21F88734-4130-4341-8166-2E9DBC72CF2B}.Release|Any CPU.ActiveCfg = Release|Any CPU
		{21F88734-4130-4341-8166-2E9DBC72CF2B}.Release|Any CPU.Build.0 = Release|Any CPU
		{071ACF39-470D-409C-B330-050607AF1BB1}.Debug|Any CPU.ActiveCfg = Debug|Any CPU
		{071ACF39-470D-409C-B330-050607AF1BB1}.Debug|Any CPU.Build.0 = Debug|Any CPU
		{071ACF39-470D-409C-B330-050607AF1BB1}.Deploy|Any CPU.ActiveCfg = Deploy|Any CPU
		{071ACF39-470D-409C-B330-050607AF1BB1}.Deploy|Any CPU.Build.0 = Deploy|Any CPU
		{071ACF39-470D-409C-B330-050607AF1BB1}.Release|Any CPU.ActiveCfg = Release|Any CPU
		{071ACF39-470D-409C-B330-050607AF1BB1}.Release|Any CPU.Build.0 = Release|Any CPU
	EndGlobalSection
	GlobalSection(SolutionProperties) = preSolution
		HideSolutionNode = FALSE
	EndGlobalSection
	GlobalSection(ExtensibilityGlobals) = postSolution
		SolutionGuid = {40FABF2B-EE35-470F-89F8-13F73B7B78C5}
	EndGlobalSection
EndGlobal
